
Microsoft Visual Studio Solution File, Format Version 12.00
# Visual Studio Version 16
VisualStudioVersion = 16.0.30611.23
MinimumVisualStudioVersion = 10.0.40219.1
Project("{FAE04EC0-301F-11D3-BF4B-00C04F79EFBC}") = "FTC-BlazorApp", "FTC-BlazorApp\FTC-BlazorApp.csproj", "{91F1F968-1227-4156-BC30-11FCF4C03902}"
EndProject
Global
	GlobalSection(SolutionConfigurationPlatforms) = preSolution
		Debug|Any CPU = Debug|Any CPU
		Release|Any CPU = Release|Any CPU
	EndGlobalSection
	GlobalSection(ProjectConfigurationPlatforms) = postSolution
		{91F1F968-1227-4156-BC30-11FCF4C03902}.Debug|Any CPU.ActiveCfg = Debug|Any CPU
		{91F1F968-1227-4156-BC30-11FCF4C03902}.Debug|Any CPU.Build.0 = Debug|Any CPU
		{91F1F968-1227-4156-BC30-11FCF4C03902}.Release|Any CPU.ActiveCfg = Release|Any CPU
		{91F1F968-1227-4156-BC30-11FCF4C03902}.Release|Any CPU.Build.0 = Release|Any CPU
	EndGlobalSection
	GlobalSection(SolutionProperties) = preSolution
		HideSolutionNode = FALSE
	EndGlobalSection
	GlobalSection(ExtensibilityGlobals) = postSolution
		SolutionGuid = {D11C4945-9050-40F1-A247-DB5C02EBB731}
	EndGlobalSection
EndGlobal
